// !$*UTF8*$!
{
	archiveVersion = 1;
	classes = {
	};
	objectVersion = 46;
	objects = {

/* Begin PBXBuildFile section */
		DCFF73E3195C279B007F4C90 /* main.m in Sources */ = {isa = PBXBuildFile; fileRef = DCFF73E2195C279B007F4C90 /* main.m */; };
		DCFF73E6195C279B007F4C90 /* AppDelegate.m in Sources */ = {isa = PBXBuildFile; fileRef = DCFF73E5195C279B007F4C90 /* AppDelegate.m */; };
		DCFF73E9195C279B007F4C90 /* ExampleForBaiduMap.xcdatamodeld in Sources */ = {isa = PBXBuildFile; fileRef = DCFF73E7195C279B007F4C90 /* ExampleForBaiduMap.xcdatamodeld */; };
		DCFF73EC195C279B007F4C90 /* ViewController.m in Sources */ = {isa = PBXBuildFile; fileRef = DCFF73EB195C279B007F4C90 /* ViewController.m */; };
		DCFF73EF195C279B007F4C90 /* Main.storyboard in Resources */ = {isa = PBXBuildFile; fileRef = DCFF73ED195C279B007F4C90 /* Main.storyboard */; };
		DCFF73F1195C279C007F4C90 /* Images.xcassets in Resources */ = {isa = PBXBuildFile; fileRef = DCFF73F0195C279C007F4C90 /* Images.xcassets */; };
		DCFF73FD195C279C007F4C90 /* ExampleForBaiduMapTests.m in Sources */ = {isa = PBXBuildFile; fileRef = DCFF73FC195C279C007F4C90 /* ExampleForBaiduMapTests.m */; };
/* End PBXBuildFile section */

/* Begin PBXContainerItemProxy section */
		DCFF73F7195C279C007F4C90 /* PBXContainerItemProxy */ = {
			isa = PBXContainerItemProxy;
			containerPortal = DCFF73D5195C279B007F4C90 /* Project object */;
			proxyType = 1;
			remoteGlobalIDString = DCFF73DC195C279B007F4C90;
			remoteInfo = ExampleForBaiduMap;
		};
/* End PBXContainerItemProxy section */

/* Begin PBXFileReference section */
		DCFF73DD195C279B007F4C90 /* ExampleForBaiduMap.app */ = {isa = PBXFileReference; explicitFileType = wrapper.application; includeInIndex = 0; path = ExampleForBaiduMap.app; sourceTree = BUILT_PRODUCTS_DIR; };
		DCFF73E1195C279B007F4C90 /* Info.plist */ = {isa = PBXFileReference; lastKnownFileType = text.plist.xml; path = Info.plist; sourceTree = "<group>"; };
		DCFF73E2195C279B007F4C90 /* main.m */ = {isa = PBXFileReference; lastKnownFileType = sourcecode.c.objc; path = main.m; sourceTree = "<group>"; };
		DCFF73E4195C279B007F4C90 /* AppDelegate.h */ = {isa = PBXFileReference; lastKnownFileType = sourcecode.c.h; path = AppDelegate.h; sourceTree = "<group>"; };
		DCFF73E5195C279B007F4C90 /* AppDelegate.m */ = {isa = PBXFileReference; lastKnownFileType = sourcecode.c.objc; path = AppDelegate.m; sourceTree = "<group>"; };
		DCFF73E8195C279B007F4C90 /* ExampleForBaiduMap.xcdatamodel */ = {isa = PBXFileReference; lastKnownFileType = wrapper.xcdatamodel; path = ExampleForBaiduMap.xcdatamodel; sourceTree = "<group>"; };
		DCFF73EA195C279B007F4C90 /* ViewController.h */ = {isa = PBXFileReference; lastKnownFileType = sourcecode.c.h; path = ViewController.h; sourceTree = "<group>"; };
		DCFF73EB195C279B007F4C90 /* ViewController.m */ = {isa = PBXFileReference; lastKnownFileType = sourcecode.c.objc; path = ViewController.m; sourceTree = "<group>"; };
		DCFF73EE195C279B007F4C90 /* Base */ = {isa = PBXFileReference; lastKnownFileType = file.storyboard; name = Base; path = Base.lproj/Main.storyboard; sourceTree = "<group>"; };
		DCFF73F0195C279C007F4C90 /* Images.xcassets */ = {isa = PBXFileReference; lastKnownFileType = folder.assetcatalog; path = Images.xcassets; sourceTree = "<group>"; };
		DCFF73F6195C279C007F4C90 /* ExampleForBaiduMapTests.xctest */ = {isa = PBXFileReference; explicitFileType = wrapper.cfbundle; includeInIndex = 0; path = ExampleForBaiduMapTests.xctest; sourceTree = BUILT_PRODUCTS_DIR; };
		DCFF73FB195C279C007F4C90 /* Info.plist */ = {isa = PBXFileReference; lastKnownFileType = text.plist.xml; path = Info.plist; sourceTree = "<group>"; };
		DCFF73FC195C279C007F4C90 /* ExampleForBaiduMapTests.m */ = {isa = PBXFileReference; lastKnownFileType = sourcecode.c.objc; path = ExampleForBaiduMapTests.m; sourceTree = "<group>"; };
/* End PBXFileReference section */

/* Begin PBXFrameworksBuildPhase section */
		DCFF73DA195C279B007F4C90 /* Frameworks */ = {
			isa = PBXFrameworksBuildPhase;
			buildActionMask = 2147483647;
			files = (
			);
			runOnlyForDeploymentPostprocessing = 0;
		};
		DCFF73F3195C279C007F4C90 /* Frameworks */ = {
			isa = PBXFrameworksBuildPhase;
			buildActionMask = 2147483647;
			files = (
			);
			runOnlyForDeploymentPostprocessing = 0;
		};
/* End PBXFrameworksBuildPhase section */

/* Begin PBXGroup section */
		DCFF73D4195C279B007F4C90 = {
			isa = PBXGroup;
			children = (
				DCFF73DF195C279B007F4C90 /* ExampleForBaiduMap */,
				DCFF73F9195C279C007F4C90 /* ExampleForBaiduMapTests */,
				DCFF73DE195C279B007F4C90 /* Products */,
			);
			sourceTree = "<group>";
		};
		DCFF73DE195C279B007F4C90 /* Products */ = {
			isa = PBXGroup;
			children = (
				DCFF73DD195C279B007F4C90 /* ExampleForBaiduMap.app */,
				DCFF73F6195C279C007F4C90 /* ExampleForBaiduMapTests.xctest */,
			);
			name = Products;
			sourceTree = "<group>";
		};
		DCFF73DF195C279B007F4C90 /* ExampleForBaiduMap */ = {
			isa = PBXGroup;
			children = (
				DCFF73E4195C279B007F4C90 /* AppDelegate.h */,
				DCFF73E5195C279B007F4C90 /* AppDelegate.m */,
				DCFF73EA195C279B007F4C90 /* ViewController.h */,
				DCFF73EB195C279B007F4C90 /* ViewController.m */,
				DCFF73ED195C279B007F4C90 /* Main.storyboard */,
				DCFF73F0195C279C007F4C90 /* Images.xcassets */,
				DCFF73E7195C279B007F4C90 /* ExampleForBaiduMap.xcdatamodeld */,
				DCFF73E0195C279B007F4C90 /* Supporting Files */,
			);
			path = ExampleForBaiduMap;
			sourceTree = "<group>";
		};
		DCFF73E0195C279B007F4C90 /* Supporting Files */ = {
			isa = PBXGroup;
			children = (
				DCFF73E1195C279B007F4C90 /* Info.plist */,
				DCFF73E2195C279B007F4C90 /* main.m */,
			);
			name = "Supporting Files";
			sourceTree = "<group>";
		};
		DCFF73F9195C279C007F4C90 /* ExampleForBaiduMapTests */ = {
			isa = PBXGroup;
			children = (
				DCFF73FC195C279C007F4C90 /* ExampleForBaiduMapTests.m */,
				DCFF73FA195C279C007F4C90 /* Supporting Files */,
			);
			path = ExampleForBaiduMapTests;
			sourceTree = "<group>";
		};
		DCFF73FA195C279C007F4C90 /* Supporting Files */ = {
			isa = PBXGroup;
			children = (
				DCFF73FB195C279C007F4C90 /* Info.plist */,
			);
			name = "Supporting Files";
			sourceTree = "<group>";
		};
/* End PBXGroup section */

/* Begin PBXNativeTarget section */
		DCFF73DC195C279B007F4C90 /* ExampleForBaiduMap */ = {
			isa = PBXNativeTarget;
			buildConfigurationList = DCFF7400195C279C007F4C90 /* Build configuration list for PBXNativeTarget "ExampleForBaiduMap" */;
			buildPhases = (
				DCFF73D9195C279B007F4C90 /* Sources */,
				DCFF73DA195C279B007F4C90 /* Frameworks */,
				DCFF73DB195C279B007F4C90 /* Resources */,
			);
			buildRules = (
			);
			dependencies = (
			);
			name = ExampleForBaiduMap;
			productName = ExampleForBaiduMap;
			productReference = DCFF73DD195C279B007F4C90 /* ExampleForBaiduMap.app */;
			productType = "com.apple.product-type.application";
		};
		DCFF73F5195C279C007F4C90 /* ExampleForBaiduMapTests */ = {
			isa = PBXNativeTarget;
			buildConfigurationList = DCFF7403195C279C007F4C90 /* Build configuration list for PBXNativeTarget "ExampleForBaiduMapTests" */;
			buildPhases = (
				DCFF73F2195C279C007F4C90 /* Sources */,
				DCFF73F3195C279C007F4C90 /* Frameworks */,
				DCFF73F4195C279C007F4C90 /* Resources */,
			);
			buildRules = (
			);
			dependencies = (
				DCFF73F8195C279C007F4C90 /* PBXTargetDependency */,
			);
			name = ExampleForBaiduMapTests;
			productName = ExampleForBaiduMapTests;
			productReference = DCFF73F6195C279C007F4C90 /* ExampleForBaiduMapTests.xctest */;
			productType = "com.apple.product-type.bundle.unit-test";
		};
/* End PBXNativeTarget section */

/* Begin PBXProject section */
		DCFF73D5195C279B007F4C90 /* Project object */ = {
			isa = PBXProject;
			attributes = {
				LastUpgradeCheck = 0600;
				ORGANIZATIONNAME = "李昕宇@天津大学";
				TargetAttributes = {
					DCFF73DC195C279B007F4C90 = {
						CreatedOnToolsVersion = 6.0;
					};
					DCFF73F5195C279C007F4C90 = {
						CreatedOnToolsVersion = 6.0;
						TestTargetID = DCFF73DC195C279B007F4C90;
					};
				};
			};
			buildConfigurationList = DCFF73D8195C279B007F4C90 /* Build configuration list for PBXProject "ExampleForBaiduMap" */;
			compatibilityVersion = "Xcode 3.2";
			developmentRegion = English;
			hasScannedForEncodings = 0;
			knownRegions = (
				en,
				Base,
			);
			mainGroup = DCFF73D4195C279B007F4C90;
			productRefGroup = DCFF73DE195C279B007F4C90 /* Products */;
			projectDirPath = "";
			projectRoot = "";
			targets = (
				DCFF73DC195C279B007F4C90 /* ExampleForBaiduMap */,
				DCFF73F5195C279C007F4C90 /* ExampleForBaiduMapTests */,
			);
		};
/* End PBXProject section */

/* Begin PBXResourcesBuildPhase section */
		DCFF73DB195C279B007F4C90 /* Resources */ = {
			isa = PBXResourcesBuildPhase;
			buildActionMask = 2147483647;
			files = (
				DCFF73EF195C279B007F4C90 /* Main.storyboard in Resources */,
				DCFF73F1195C279C007F4C90 /* Images.xcassets in Resources */,
			);
			runOnlyForDeploymentPostprocessing = 0;
		};
		DCFF73F4195C279C007F4C90 /* Resources */ = {
			isa = PBXResourcesBuildPhase;
			buildActionMask = 2147483647;
			files = (
			);
			runOnlyForDeploymentPostprocessing = 0;
		};
/* End PBXResourcesBuildPhase section */

/* Begin PBXSourcesBuildPhase section */
		DCFF73D9195C279B007F4C90 /* Sources */ = {
			isa = PBXSourcesBuildPhase;
			buildActionMask = 2147483647;
			files = (
				DCFF73E6195C279B007F4C90 /* AppDelegate.m in Sources */,
				DCFF73E3195C279B007F4C90 /* main.m in Sources */,
				DCFF73EC195C279B007F4C90 /* ViewController.m in Sources */,
				DCFF73E9195C279B007F4C90 /* ExampleForBaiduMap.xcdatamodeld in Sources */,
			);
			runOnlyForDeploymentPostprocessing = 0;
		};
		DCFF73F2195C279C007F4C90 /* Sources */ = {
			isa = PBXSourcesBuildPhase;
			buildActionMask = 2147483647;
			files = (
				DCFF73FD195C279C007F4C90 /* ExampleForBaiduMapTests.m in Sources */,
			);
			runOnlyForDeploymentPostprocessing = 0;
		};
/* End PBXSourcesBuildPhase section */

/* Begin PBXTargetDependency section */
		DCFF73F8195C279C007F4C90 /* PBXTargetDependency */ = {
			isa = PBXTargetDependency;
			target = DCFF73DC195C279B007F4C90 /* ExampleForBaiduMap */;
			targetProxy = DCFF73F7195C279C007F4C90 /* PBXContainerItemProxy */;
		};
/* End PBXTargetDependency section */

/* Begin PBXVariantGroup section */
		DCFF73ED195C279B007F4C90 /* Main.storyboard */ = {
			isa = PBXVariantGroup;
			children = (
				DCFF73EE195C279B007F4C90 /* Base */,
			);
			name = Main.storyboard;
			sourceTree = "<group>";
		};
/* End PBXVariantGroup section */

/* Begin XCBuildConfiguration section */
		DCFF73FE195C279C007F4C90 /* Debug */ = {
			isa = XCBuildConfiguration;
			buildSettings = {
				ALWAYS_SEARCH_USER_PATHS = NO;
				CLANG_CXX_LANGUAGE_STANDARD = "gnu++0x";
				CLANG_CXX_LIBRARY = "libc++";
				CLANG_ENABLE_MODULES = YES;
				CLANG_ENABLE_OBJC_ARC = YES;
				CLANG_WARN_BOOL_CONVERSION = YES;
				CLANG_WARN_CONSTANT_CONVERSION = YES;
				CLANG_WARN_DIRECT_OBJC_ISA_USAGE = YES_ERROR;
				CLANG_WARN_EMPTY_BODY = YES;
				CLANG_WARN_ENUM_CONVERSION = YES;
				CLANG_WARN_INT_CONVERSION = YES;
				CLANG_WARN_OBJC_ROOT_CLASS = YES_ERROR;
				CLANG_WARN_UNREACHABLE_CODE = YES;
				CLANG_WARN__DUPLICATE_METHOD_MATCH = YES;
				"CODE_SIGN_IDENTITY[sdk=iphoneos*]" = "iPhone Developer";
				COPY_PHASE_STRIP = NO;
				ENABLE_STRICT_OBJC_MSGSEND = YES;
				GCC_C_LANGUAGE_STANDARD = gnu99;
				GCC_DYNAMIC_NO_PIC = NO;
				GCC_OPTIMIZATION_LEVEL = 0;
				GCC_PREPROCESSOR_DEFINITIONS = (
					"DEBUG=1",
					"$(inherited)",
				);
				GCC_SYMBOLS_PRIVATE_EXTERN = NO;
				GCC_WARN_64_TO_32_BIT_CONVERSION = YES;
				GCC_WARN_ABOUT_RETURN_TYPE = YES_ERROR;
				GCC_WARN_UNDECLARED_SELECTOR = YES;
				GCC_WARN_UNINITIALIZED_AUTOS = YES_AGGRESSIVE;
				GCC_WARN_UNUSED_FUNCTION = YES;
				GCC_WARN_UNUSED_VARIABLE = YES;
				IPHONEOS_DEPLOYMENT_TARGET = 8.0;
				METAL_ENABLE_DEBUG_INFO = YES;
				ONLY_ACTIVE_ARCH = YES;
				SDKROOT = iphoneos;
			};
			name = Debug;
		};
		DCFF73FF195C279C007F4C90 /* Release */ = {
			isa = XCBuildConfiguration;
			buildSettings = {
				ALWAYS_SEARCH_USER_PATHS = NO;
				CLANG_CXX_LANGUAGE_STANDARD = "gnu++0x";
				CLANG_CXX_LIBRARY = "libc++";
				CLANG_ENABLE_MODULES = YES;
				CLANG_ENABLE_OBJC_ARC = YES;
				CLANG_WARN_BOOL_CONVERSION = YES;
				CLANG_WARN_CONSTANT_CONVERSION = YES;
				CLANG_WARN_DIRECT_OBJC_ISA_USAGE = YES_ERROR;
				CLANG_WARN_EMPTY_BODY = YES;
				CLANG_WARN_ENUM_CONVERSION = YES;
				CLANG_WARN_INT_CONVERSION = YES;
				CLANG_WARN_OBJC_ROOT_CLASS = YES_ERROR;
				CLANG_WARN_UNREACHABLE_CODE = YES;
				CLANG_WARN__DUPLICATE_METHOD_MATCH = YES;
				"CODE_SIGN_IDENTITY[sdk=iphoneos*]" = "iPhone Developer";
				COPY_PHASE_STRIP = YES;
				ENABLE_NS_ASSERTIONS = NO;
				ENABLE_STRICT_OBJC_MSGSEND = YES;
				GCC_C_LANGUAGE_STANDARD = gnu99;
				GCC_WARN_64_TO_32_BIT_CONVERSION = YES;
				GCC_WARN_ABOUT_RETURN_TYPE = YES_ERROR;
				GCC_WARN_UNDECLARED_SELECTOR = YES;
				GCC_WARN_UNINITIALIZED_AUTOS = YES_AGGRESSIVE;
				GCC_WARN_UNUSED_FUNCTION = YES;
				GCC_WARN_UNUSED_VARIABLE = YES;
				IPHONEOS_DEPLOYMENT_TARGET = 8.0;
				METAL_ENABLE_DEBUG_INFO = NO;
				SDKROOT = iphoneos;
				VALIDATE_PRODUCT = YES;
			};
			name = Release;
		};
		DCFF7401195C279C007F4C90 /* Debug */ = {
			isa = XCBuildConfiguration;
			buildSettings = {
				ASSETCATALOG_COMPILER_APPICON_NAME = AppIcon;
				ASSETCATALOG_COMPILER_LAUNCHIMAGE_NAME = LaunchImage;
				INFOPLIST_FILE = ExampleForBaiduMap/Info.plist;
				LD_RUNPATH_SEARCH_PATHS = "$(inherited) @executable_path/Frameworks";
				PRODUCT_NAME = "$(TARGET_NAME)";
			};
			name = Debug;
		};
		DCFF7402195C279C007F4C90 /* Release */ = {
			isa = XCBuildConfiguration;
			buildSettings = {
				ASSETCATALOG_COMPILER_APPICON_NAME = AppIcon;
				ASSETCATALOG_COMPILER_LAUNCHIMAGE_NAME = LaunchImage;
				INFOPLIST_FILE = ExampleForBaiduMap/Info.plist;
				LD_RUNPATH_SEARCH_PATHS = "$(inherited) @executable_path/Frameworks";
				PRODUCT_NAME = "$(TARGET_NAME)";
			};
			name = Release;
		};
		DCFF7404195C279C007F4C90 /* Debug */ = {
			isa = XCBuildConfiguration;
			buildSettings = {
				BUNDLE_LOADER = "$(BUILT_PRODUCTS_DIR)/ExampleForBaiduMap.app/ExampleForBaiduMap";
				FRAMEWORK_SEARCH_PATHS = (
					"$(SDKROOT)/Developer/Library/Frameworks",
					"$(inherited)",
				);
				GCC_PREPROCESSOR_DEFINITIONS = (
					"DEBUG=1",
					"$(inherited)",
				);
				INFOPLIST_FILE = ExampleForBaiduMapTests/Info.plist;
				LD_RUNPATH_SEARCH_PATHS = "$(inherited) @executable_path/Frameworks @loader_path/Frameworks";
				METAL_ENABLE_DEBUG_INFO = YES;
				PRODUCT_NAME = "$(TARGET_NAME)";
				TEST_HOST = "$(BUNDLE_LOADER)";
			};
			name = Debug;
		};
		DCFF7405195C279C007F4C90 /* Release */ = {
			isa = XCBuildConfiguration;
			buildSettings = {
				BUNDLE_LOADER = "$(BUILT_PRODUCTS_DIR)/ExampleForBaiduMap.app/ExampleForBaiduMap";
				FRAMEWORK_SEARCH_PATHS = (
					"$(SDKROOT)/Developer/Library/Frameworks",
					"$(inherited)",
				);
				INFOPLIST_FILE = ExampleForBaiduMapTests/Info.plist;
				LD_RUNPATH_SEARCH_PATHS = "$(inherited) @executable_path/Frameworks @loader_path/Frameworks";
				METAL_ENABLE_DEBUG_INFO = NO;
				PRODUCT_NAME = "$(TARGET_NAME)";
				TEST_HOST = "$(BUNDLE_LOADER)";
			};
			name = Release;
		};
/* End XCBuildConfiguration section */

/* Begin XCConfigurationList section */
		DCFF73D8195C279B007F4C90 /* Build configuration list for PBXProject "ExampleForBaiduMap" */ = {
			isa = XCConfigurationList;
			buildConfigurations = (
				DCFF73FE195C279C007F4C90 /* Debug */,
				DCFF73FF195C279C007F4C90 /* Release */,
			);
			defaultConfigurationIsVisible = 0;
			defaultConfigurationName = Release;
		};
		DCFF7400195C279C007F4C90 /* Build configuration list for PBXNativeTarget "ExampleForBaiduMap" */ = {
			isa = XCConfigurationList;
			buildConfigurations = (
				DCFF7401195C279C007F4C90 /* Debug */,
				DCFF7402195C279C007F4C90 /* Release */,
			);
			defaultConfigurationIsVisible = 0;
		};
		DCFF7403195C279C007F4C90 /* Build configuration list for PBXNativeTarget "ExampleForBaiduMapTests" */ = {
			isa = XCConfigurationList;
			buildConfigurations = (
				DCFF7404195C279C007F4C90 /* Debug */,
				DCFF7405195C279C007F4C90 /* Release */,
			);
			defaultConfigurationIsVisible = 0;
		};
/* End XCConfigurationList section */

/* Begin XCVersionGroup section */
		DCFF73E7195C279B007F4C90 /* ExampleForBaiduMap.xcdatamodeld */ = {
			isa = XCVersionGroup;
			children = (
				DCFF73E8195C279B007F4C90 /* ExampleForBaiduMap.xcdatamodel */,
			);
			currentVersion = DCFF73E8195C279B007F4C90 /* ExampleForBaiduMap.xcdatamodel */;
			path = ExampleForBaiduMap.xcdatamodeld;
			sourceTree = "<group>";
			versionGroupType = wrapper.xcdatamodel;
		};
/* End XCVersionGroup section */
	};
	rootObject = DCFF73D5195C279B007F4C90 /* Project object */;
}
